// !$*UTF8*$!
{
	archiveVersion = 1;
	classes = {
	};
	objectVersion = 50;
	objects = {

/* Begin PBXBuildFile section */
		AB7EFE9023E06EE300F06C3A /* AppDelegate.swift in Sources */ = {isa = PBXBuildFile; fileRef = AB7EFE8F23E06EE300F06C3A /* AppDelegate.swift */; };
		AB7EFE9223E06EE300F06C3A /* ViewController.swift in Sources */ = {isa = PBXBuildFile; fileRef = AB7EFE9123E06EE300F06C3A /* ViewController.swift */; };
		AB7EFE9523E06EE300F06C3A /* Main.storyboard in Resources */ = {isa = PBXBuildFile; fileRef = AB7EFE9323E06EE300F06C3A /* Main.storyboard */; };
		AB7EFE9723E06EE500F06C3A /* Assets.xcassets in Resources */ = {isa = PBXBuildFile; fileRef = AB7EFE9623E06EE500F06C3A /* Assets.xcassets */; };
		AB7EFE9A23E06EE500F06C3A /* LaunchScreen.storyboard in Resources */ = {isa = PBXBuildFile; fileRef = AB7EFE9823E06EE500F06C3A /* LaunchScreen.storyboard */; };
		AB7EFEA523E06EE500F06C3A /* Meu_primeiro_appTests.swift in Sources */ = {isa = PBXBuildFile; fileRef = AB7EFEA423E06EE500F06C3A /* Meu_primeiro_appTests.swift */; };
		AB7EFEB023E07C6200F06C3A /* hqdefault.jpg in Resources */ = {isa = PBXBuildFile; fileRef = AB7EFEAF23E07C6200F06C3A /* hqdefault.jpg */; };
		AB7EFEB223E44C4A00F06C3A /* RatiwgBar.swift in Sources */ = {isa = PBXBuildFile; fileRef = AB7EFEB123E44C4A00F06C3A /* RatiwgBar.swift */; };
		AB7EFEB423E85CFD00F06C3A /* Bar.swift in Sources */ = {isa = PBXBuildFile; fileRef = AB7EFEB323E85CFD00F06C3A /* Bar.swift */; };
		AB86A4F723FC1FD100A24A92 /* Artwork.swift in Sources */ = {isa = PBXBuildFile; fileRef = AB86A4F623FC1FD100A24A92 /* Artwork.swift */; };
		AB98D4D423EAE7F2003FD3D5 /* MealTableViewCell.swift in Sources */ = {isa = PBXBuildFile; fileRef = AB98D4D323EAE7F2003FD3D5 /* MealTableViewCell.swift */; };
		AB98D4D623EB00AD003FD3D5 /* MealTableViewController.swift in Sources */ = {isa = PBXBuildFile; fileRef = AB98D4D523EB00AD003FD3D5 /* MealTableViewController.swift */; };
		AB98D4D823FC03F1003FD3D5 /* MapsViewController.swift in Sources */ = {isa = PBXBuildFile; fileRef = AB98D4D723FC03F0003FD3D5 /* MapsViewController.swift */; };
/* End PBXBuildFile section */

/* Begin PBXContainerItemProxy section */
		AB7EFEA123E06EE500F06C3A /* PBXContainerItemProxy */ = {
			isa = PBXContainerItemProxy;
			containerPortal = AB7EFE8423E06EE200F06C3A /* Project object */;
			proxyType = 1;
			remoteGlobalIDString = AB7EFE8B23E06EE300F06C3A;
			remoteInfo = "Meu primeiro app";
		};
/* End PBXContainerItemProxy section */

/* Begin PBXFileReference section */
		AB7EFE8C23E06EE300F06C3A /* Meu primeiro app.app */ = {isa = PBXFileReference; explicitFileType = wrapper.application; includeInIndex = 0; path = "Meu primeiro app.app"; sourceTree = BUILT_PRODUCTS_DIR; };
		AB7EFE8F23E06EE300F06C3A /* AppDelegate.swift */ = {isa = PBXFileReference; lastKnownFileType = sourcecode.swift; path = AppDelegate.swift; sourceTree = "<group>"; };
		AB7EFE9123E06EE300F06C3A /* ViewController.swift */ = {isa = PBXFileReference; lastKnownFileType = sourcecode.swift; path = ViewController.swift; sourceTree = "<group>"; };
		AB7EFE9423E06EE300F06C3A /* Base */ = {isa = PBXFileReference; lastKnownFileType = file.storyboard; name = Base; path = Base.lproj/Main.storyboard; sourceTree = "<group>"; };
		AB7EFE9623E06EE500F06C3A /* Assets.xcassets */ = {isa = PBXFileReference; lastKnownFileType = folder.assetcatalog; path = Assets.xcassets; sourceTree = "<group>"; };
		AB7EFE9923E06EE500F06C3A /* Base */ = {isa = PBXFileReference; lastKnownFileType = file.storyboard; name = Base; path = Base.lproj/LaunchScreen.storyboard; sourceTree = "<group>"; };
		AB7EFE9B23E06EE500F06C3A /* Info.plist */ = {isa = PBXFileReference; lastKnownFileType = text.plist.xml; path = Info.plist; sourceTree = "<group>"; };
		AB7EFEA023E06EE500F06C3A /* Meu primeiro appTests.xctest */ = {isa = PBXFileReference; explicitFileType = wrapper.cfbundle; includeInIndex = 0; path = "Meu primeiro appTests.xctest"; sourceTree = BUILT_PRODUCTS_DIR; };
		AB7EFEA423E06EE500F06C3A /* Meu_primeiro_appTests.swift */ = {isa = PBXFileReference; lastKnownFileType = sourcecode.swift; path = Meu_primeiro_appTests.swift; sourceTree = "<group>"; };
		AB7EFEA623E06EE500F06C3A /* Info.plist */ = {isa = PBXFileReference; lastKnownFileType = text.plist.xml; path = Info.plist; sourceTree = "<group>"; };
		AB7EFEAF23E07C6200F06C3A /* hqdefault.jpg */ = {isa = PBXFileReference; lastKnownFileType = image.jpeg; path = hqdefault.jpg; sourceTree = "<group>"; };
		AB7EFEB123E44C4A00F06C3A /* RatiwgBar.swift */ = {isa = PBXFileReference; lastKnownFileType = sourcecode.swift; path = RatiwgBar.swift; sourceTree = "<group>"; };
		AB7EFEB323E85CFD00F06C3A /* Bar.swift */ = {isa = PBXFileReference; lastKnownFileType = sourcecode.swift; path = Bar.swift; sourceTree = "<group>"; };
		AB86A4F623FC1FD100A24A92 /* Artwork.swift */ = {isa = PBXFileReference; lastKnownFileType = sourcecode.swift; path = Artwork.swift; sourceTree = "<group>"; };
		AB98D4D323EAE7F2003FD3D5 /* MealTableViewCell.swift */ = {isa = PBXFileReference; lastKnownFileType = sourcecode.swift; path = MealTableViewCell.swift; sourceTree = "<group>"; };
		AB98D4D523EB00AD003FD3D5 /* MealTableViewController.swift */ = {isa = PBXFileReference; lastKnownFileType = sourcecode.swift; path = MealTableViewController.swift; sourceTree = "<group>"; };
		AB98D4D723FC03F0003FD3D5 /* MapsViewController.swift */ = {isa = PBXFileReference; lastKnownFileType = sourcecode.swift; path = MapsViewController.swift; sourceTree = "<group>"; };
/* End PBXFileReference section */

/* Begin PBXFrameworksBuildPhase section */
		AB7EFE8923E06EE300F06C3A /* Frameworks */ = {
			isa = PBXFrameworksBuildPhase;
			buildActionMask = 2147483647;
			files = (
			);
			runOnlyForDeploymentPostprocessing = 0;
		};
		AB7EFE9D23E06EE500F06C3A /* Frameworks */ = {
			isa = PBXFrameworksBuildPhase;
			buildActionMask = 2147483647;
			files = (
			);
			runOnlyForDeploymentPostprocessing = 0;
		};
/* End PBXFrameworksBuildPhase section */

/* Begin PBXGroup section */
		AB7EFE8323E06EE200F06C3A = {
			isa = PBXGroup;
			children = (
				AB86A4F623FC1FD100A24A92 /* Artwork.swift */,
				AB98D4D723FC03F0003FD3D5 /* MapsViewController.swift */,
				AB7EFE8E23E06EE300F06C3A /* Meu primeiro app */,
				AB7EFEA323E06EE500F06C3A /* Meu primeiro appTests */,
				AB7EFE8D23E06EE300F06C3A /* Products */,
			);
			sourceTree = "<group>";
		};
		AB7EFE8D23E06EE300F06C3A /* Products */ = {
			isa = PBXGroup;
			children = (
				AB7EFE8C23E06EE300F06C3A /* Meu primeiro app.app */,
				AB7EFEA023E06EE500F06C3A /* Meu primeiro appTests.xctest */,
			);
			name = Products;
			sourceTree = "<group>";
		};
		AB7EFE8E23E06EE300F06C3A /* Meu primeiro app */ = {
			isa = PBXGroup;
			children = (
				AB7EFEB123E44C4A00F06C3A /* RatiwgBar.swift */,
				AB7EFE8F23E06EE300F06C3A /* AppDelegate.swift */,
				AB7EFE9123E06EE300F06C3A /* ViewController.swift */,
				AB7EFE9323E06EE300F06C3A /* Main.storyboard */,
				AB98D4D523EB00AD003FD3D5 /* MealTableViewController.swift */,
				AB98D4D323EAE7F2003FD3D5 /* MealTableViewCell.swift */,
				AB7EFE9623E06EE500F06C3A /* Assets.xcassets */,
				AB7EFEAF23E07C6200F06C3A /* hqdefault.jpg */,
				AB7EFE9823E06EE500F06C3A /* LaunchScreen.storyboard */,
				AB7EFE9B23E06EE500F06C3A /* Info.plist */,
				AB7EFEB323E85CFD00F06C3A /* Bar.swift */,
			);
			path = "Meu primeiro app";
			sourceTree = "<group>";
		};
		AB7EFEA323E06EE500F06C3A /* Meu primeiro appTests */ = {
			isa = PBXGroup;
			children = (
				AB7EFEA423E06EE500F06C3A /* Meu_primeiro_appTests.swift */,
				AB7EFEA623E06EE500F06C3A /* Info.plist */,
			);
			path = "Meu primeiro appTests";
			sourceTree = "<group>";
		};
/* End PBXGroup section */

/* Begin PBXNativeTarget section */
		AB7EFE8B23E06EE300F06C3A /* Meu primeiro app */ = {
			isa = PBXNativeTarget;
			buildConfigurationList = AB7EFEA923E06EE500F06C3A /* Build configuration list for PBXNativeTarget "Meu primeiro app" */;
			buildPhases = (
				AB7EFE8823E06EE300F06C3A /* Sources */,
				AB7EFE8923E06EE300F06C3A /* Frameworks */,
				AB7EFE8A23E06EE300F06C3A /* Resources */,
			);
			buildRules = (
			);
			dependencies = (
			);
			name = "Meu primeiro app";
			productName = "Meu primeiro app";
			productReference = AB7EFE8C23E06EE300F06C3A /* Meu primeiro app.app */;
			productType = "com.apple.product-type.application";
		};
		AB7EFE9F23E06EE500F06C3A /* Meu primeiro appTests */ = {
			isa = PBXNativeTarget;
			buildConfigurationList = AB7EFEAC23E06EE500F06C3A /* Build configuration list for PBXNativeTarget "Meu primeiro appTests" */;
			buildPhases = (
				AB7EFE9C23E06EE500F06C3A /* Sources */,
				AB7EFE9D23E06EE500F06C3A /* Frameworks */,
				AB7EFE9E23E06EE500F06C3A /* Resources */,
			);
			buildRules = (
			);
			dependencies = (
				AB7EFEA223E06EE500F06C3A /* PBXTargetDependency */,
			);
			name = "Meu primeiro appTests";
			productName = "Meu primeiro appTests";
			productReference = AB7EFEA023E06EE500F06C3A /* Meu primeiro appTests.xctest */;
			productType = "com.apple.product-type.bundle.unit-test";
		};
/* End PBXNativeTarget section */

/* Begin PBXProject section */
		AB7EFE8423E06EE200F06C3A /* Project object */ = {
			isa = PBXProject;
			attributes = {
				LastSwiftUpdateCheck = 1000;
				LastUpgradeCheck = 1000;
				ORGANIZATIONNAME = hbsis;
				TargetAttributes = {
					AB7EFE8B23E06EE300F06C3A = {
						CreatedOnToolsVersion = 10.0;
					};
					AB7EFE9F23E06EE500F06C3A = {
						CreatedOnToolsVersion = 10.0;
						TestTargetID = AB7EFE8B23E06EE300F06C3A;
					};
				};
			};
			buildConfigurationList = AB7EFE8723E06EE300F06C3A /* Build configuration list for PBXProject "Meu primeiro app" */;
			compatibilityVersion = "Xcode 9.3";
			developmentRegion = en;
			hasScannedForEncodings = 0;
			knownRegions = (
				en,
				Base,
			);
			mainGroup = AB7EFE8323E06EE200F06C3A;
			productRefGroup = AB7EFE8D23E06EE300F06C3A /* Products */;
			projectDirPath = "";
			projectRoot = "";
			targets = (
				AB7EFE8B23E06EE300F06C3A /* Meu primeiro app */,
				AB7EFE9F23E06EE500F06C3A /* Meu primeiro appTests */,
			);
		};
/* End PBXProject section */

/* Begin PBXResourcesBuildPhase section */
		AB7EFE8A23E06EE300F06C3A /* Resources */ = {
			isa = PBXResourcesBuildPhase;
			buildActionMask = 2147483647;
			files = (
				AB7EFE9A23E06EE500F06C3A /* LaunchScreen.storyboard in Resources */,
				AB7EFE9723E06EE500F06C3A /* Assets.xcassets in Resources */,
				AB7EFEB023E07C6200F06C3A /* hqdefault.jpg in Resources */,
				AB7EFE9523E06EE300F06C3A /* Main.storyboard in Resources */,
			);
			runOnlyForDeploymentPostprocessing = 0;
		};
		AB7EFE9E23E06EE500F06C3A /* Resources */ = {
			isa = PBXResourcesBuildPhase;
			buildActionMask = 2147483647;
			files = (
			);
			runOnlyForDeploymentPostprocessing = 0;
		};
/* End PBXResourcesBuildPhase section */

/* Begin PBXSourcesBuildPhase section */
		AB7EFE8823E06EE300F06C3A /* Sources */ = {
			isa = PBXSourcesBuildPhase;
			buildActionMask = 2147483647;
			files = (
				AB7EFE9223E06EE300F06C3A /* ViewController.swift in Sources */,
				AB7EFEB423E85CFD00F06C3A /* Bar.swift in Sources */,
				AB86A4F723FC1FD100A24A92 /* Artwork.swift in Sources */,
				AB98D4D823FC03F1003FD3D5 /* MapsViewController.swift in Sources */,
				AB7EFE9023E06EE300F06C3A /* AppDelegate.swift in Sources */,
				AB7EFEB223E44C4A00F06C3A /* RatiwgBar.swift in Sources */,
				AB98D4D623EB00AD003FD3D5 /* MealTableViewController.swift in Sources */,
				AB98D4D423EAE7F2003FD3D5 /* MealTableViewCell.swift in Sources */,
			);
			runOnlyForDeploymentPostprocessing = 0;
		};
		AB7EFE9C23E06EE500F06C3A /* Sources */ = {
			isa = PBXSourcesBuildPhase;
			buildActionMask = 2147483647;
			files = (
				AB7EFEA523E06EE500F06C3A /* Meu_primeiro_appTests.swift in Sources */,
			);
			runOnlyForDeploymentPostprocessing = 0;
		};
/* End PBXSourcesBuildPhase section */

/* Begin PBXTargetDependency section */
		AB7EFEA223E06EE500F06C3A /* PBXTargetDependency */ = {
			isa = PBXTargetDependency;
			target = AB7EFE8B23E06EE300F06C3A /* Meu primeiro app */;
			targetProxy = AB7EFEA123E06EE500F06C3A /* PBXContainerItemProxy */;
		};
/* End PBXTargetDependency section */

/* Begin PBXVariantGroup section */
		AB7EFE9323E06EE300F06C3A /* Main.storyboard */ = {
			isa = PBXVariantGroup;
			children = (
				AB7EFE9423E06EE300F06C3A /* Base */,
			);
			name = Main.storyboard;
			sourceTree = "<group>";
		};
		AB7EFE9823E06EE500F06C3A /* LaunchScreen.storyboard */ = {
			isa = PBXVariantGroup;
			children = (
				AB7EFE9923E06EE500F06C3A /* Base */,
			);
			name = LaunchScreen.storyboard;
			sourceTree = "<group>";
		};
/* End PBXVariantGroup section */

/* Begin XCBuildConfiguration section */
		AB7EFEA723E06EE500F06C3A /* Debug */ = {
			isa = XCBuildConfiguration;
			buildSettings = {
				ALWAYS_SEARCH_USER_PATHS = NO;
				CLANG_ANALYZER_NONNULL = YES;
				CLANG_ANALYZER_NUMBER_OBJECT_CONVERSION = YES_AGGRESSIVE;
				CLANG_CXX_LANGUAGE_STANDARD = "gnu++14";
				CLANG_CXX_LIBRARY = "libc++";
				CLANG_ENABLE_MODULES = YES;
				CLANG_ENABLE_OBJC_ARC = YES;
				CLANG_ENABLE_OBJC_WEAK = YES;
				CLANG_WARN_BLOCK_CAPTURE_AUTORELEASING = YES;
				CLANG_WARN_BOOL_CONVERSION = YES;
				CLANG_WARN_COMMA = YES;
				CLANG_WARN_CONSTANT_CONVERSION = YES;
				CLANG_WARN_DEPRECATED_OBJC_IMPLEMENTATIONS = YES;
				CLANG_WARN_DIRECT_OBJC_ISA_USAGE = YES_ERROR;
				CLANG_WARN_DOCUMENTATION_COMMENTS = YES;
				CLANG_WARN_EMPTY_BODY = YES;
				CLANG_WARN_ENUM_CONVERSION = YES;
				CLANG_WARN_INFINITE_RECURSION = YES;
				CLANG_WARN_INT_CONVERSION = YES;
				CLANG_WARN_NON_LITERAL_NULL_CONVERSION = YES;
				CLANG_WARN_OBJC_IMPLICIT_RETAIN_SELF = YES;
				CLANG_WARN_OBJC_LITERAL_CONVERSION = YES;
				CLANG_WARN_OBJC_ROOT_CLASS = YES_ERROR;
				CLANG_WARN_RANGE_LOOP_ANALYSIS = YES;
				CLANG_WARN_STRICT_PROTOTYPES = YES;
				CLANG_WARN_SUSPICIOUS_MOVE = YES;
				CLANG_WARN_UNGUARDED_AVAILABILITY = YES_AGGRESSIVE;
				CLANG_WARN_UNREACHABLE_CODE = YES;
				CLANG_WARN__DUPLICATE_METHOD_MATCH = YES;
				CODE_SIGN_IDENTITY = "iPhone Developer";
				COPY_PHASE_STRIP = NO;
				DEBUG_INFORMATION_FORMAT = dwarf;
				ENABLE_STRICT_OBJC_MSGSEND = YES;
				ENABLE_TESTABILITY = YES;
				GCC_C_LANGUAGE_STANDARD = gnu11;
				GCC_DYNAMIC_NO_PIC = NO;
				GCC_NO_COMMON_BLOCKS = YES;
				GCC_OPTIMIZATION_LEVEL = 0;
				GCC_PREPROCESSOR_DEFINITIONS = (
					"DEBUG=1",
					"$(inherited)",
				);
				GCC_WARN_64_TO_32_BIT_CONVERSION = YES;
				GCC_WARN_ABOUT_RETURN_TYPE = YES_ERROR;
				GCC_WARN_UNDECLARED_SELECTOR = YES;
				GCC_WARN_UNINITIALIZED_AUTOS = YES_AGGRESSIVE;
				GCC_WARN_UNUSED_FUNCTION = YES;
				GCC_WARN_UNUSED_VARIABLE = YES;
				IPHONEOS_DEPLOYMENT_TARGET = 12.0;
				MTL_ENABLE_DEBUG_INFO = INCLUDE_SOURCE;
				MTL_FAST_MATH = YES;
				ONLY_ACTIVE_ARCH = YES;
				SDKROOT = iphoneos;
				SWIFT_ACTIVE_COMPILATION_CONDITIONS = DEBUG;
				SWIFT_OPTIMIZATION_LEVEL = "-Onone";
			};
			name = Debug;
		};
		AB7EFEA823E06EE500F06C3A /* Release */ = {
			isa = XCBuildConfiguration;
			buildSettings = {
				ALWAYS_SEARCH_USER_PATHS = NO;
				CLANG_ANALYZER_NONNULL = YES;
				CLANG_ANALYZER_NUMBER_OBJECT_CONVERSION = YES_AGGRESSIVE;
				CLANG_CXX_LANGUAGE_STANDARD = "gnu++14";
				CLANG_CXX_LIBRARY = "libc++";
				CLANG_ENABLE_MODULES = YES;
				CLANG_ENABLE_OBJC_ARC = YES;
				CLANG_ENABLE_OBJC_WEAK = YES;
				CLANG_WARN_BLOCK_CAPTURE_AUTORELEASING = YES;
				CLANG_WARN_BOOL_CONVERSION = YES;
				CLANG_WARN_COMMA = YES;
				CLANG_WARN_CONSTANT_CONVERSION = YES;
				CLANG_WARN_DEPRECATED_OBJC_IMPLEMENTATIONS = YES;
				CLANG_WARN_DIRECT_OBJC_ISA_USAGE = YES_ERROR;
				CLANG_WARN_DOCUMENTATION_COMMENTS = YES;
				CLANG_WARN_EMPTY_BODY = YES;
				CLANG_WARN_ENUM_CONVERSION = YES;
				CLANG_WARN_INFINITE_RECURSION = YES;
				CLANG_WARN_INT_CONVERSION = YES;
				CLANG_WARN_NON_LITERAL_NULL_CONVERSION = YES;
				CLANG_WARN_OBJC_IMPLICIT_RETAIN_SELF = YES;
				CLANG_WARN_OBJC_LITERAL_CONVERSION = YES;
				CLANG_WARN_OBJC_ROOT_CLASS = YES_ERROR;
				CLANG_WARN_RANGE_LOOP_ANALYSIS = YES;
				CLANG_WARN_STRICT_PROTOTYPES = YES;
				CLANG_WARN_SUSPICIOUS_MOVE = YES;
				CLANG_WARN_UNGUARDED_AVAILABILITY = YES_AGGRESSIVE;
				CLANG_WARN_UNREACHABLE_CODE = YES;
				CLANG_WARN__DUPLICATE_METHOD_MATCH = YES;
				CODE_SIGN_IDENTITY = "iPhone Developer";
				COPY_PHASE_STRIP = NO;
				DEBUG_INFORMATION_FORMAT = "dwarf-with-dsym";
				ENABLE_NS_ASSERTIONS = NO;
				ENABLE_STRICT_OBJC_MSGSEND = YES;
				GCC_C_LANGUAGE_STANDARD = gnu11;
				GCC_NO_COMMON_BLOCKS = YES;
				GCC_WARN_64_TO_32_BIT_CONVERSION = YES;
				GCC_WARN_ABOUT_RETURN_TYPE = YES_ERROR;
				GCC_WARN_UNDECLARED_SELECTOR = YES;
				GCC_WARN_UNINITIALIZED_AUTOS = YES_AGGRESSIVE;
				GCC_WARN_UNUSED_FUNCTION = YES;
				GCC_WARN_UNUSED_VARIABLE = YES;
				IPHONEOS_DEPLOYMENT_TARGET = 12.0;
				MTL_ENABLE_DEBUG_INFO = NO;
				MTL_FAST_MATH = YES;
				SDKROOT = iphoneos;
				SWIFT_COMPILATION_MODE = wholemodule;
				SWIFT_OPTIMIZATION_LEVEL = "-O";
				VALIDATE_PRODUCT = YES;
			};
			name = Release;
		};
		AB7EFEAA23E06EE500F06C3A /* Debug */ = {
			isa = XCBuildConfiguration;
			buildSettings = {
				ASSETCATALOG_COMPILER_APPICON_NAME = AppIcon;
				CODE_SIGN_STYLE = Automatic;
				INFOPLIST_FILE = "Meu primeiro app/Info.plist";
				LD_RUNPATH_SEARCH_PATHS = (
					"$(inherited)",
					"@executable_path/Frameworks",
				);
				PRODUCT_BUNDLE_IDENTIFIER = "com.hbsis.padawan.Meu-primeiro-app";
				PRODUCT_NAME = "$(TARGET_NAME)";
				SWIFT_VERSION = 4.2;
				TARGETED_DEVICE_FAMILY = "1,2";
			};
			name = Debug;
		};
		AB7EFEAB23E06EE500F06C3A /* Release */ = {
			isa = XCBuildConfiguration;
			buildSettings = {
				ASSETCATALOG_COMPILER_APPICON_NAME = AppIcon;
				CODE_SIGN_STYLE = Automatic;
				INFOPLIST_FILE = "Meu primeiro app/Info.plist";
				LD_RUNPATH_SEARCH_PATHS = (
					"$(inherited)",
					"@executable_path/Frameworks",
				);
				PRODUCT_BUNDLE_IDENTIFIER = "com.hbsis.padawan.Meu-primeiro-app";
				PRODUCT_NAME = "$(TARGET_NAME)";
				SWIFT_VERSION = 4.2;
				TARGETED_DEVICE_FAMILY = "1,2";
			};
			name = Release;
		};
		AB7EFEAD23E06EE500F06C3A /* Debug */ = {
			isa = XCBuildConfiguration;
			buildSettings = {
				ALWAYS_EMBED_SWIFT_STANDARD_LIBRARIES = YES;
				BUNDLE_LOADER = "$(TEST_HOST)";
				CODE_SIGN_STYLE = Automatic;
				INFOPLIST_FILE = "Meu primeiro appTests/Info.plist";
				LD_RUNPATH_SEARCH_PATHS = (
					"$(inherited)",
					"@executable_path/Frameworks",
					"@loader_path/Frameworks",
				);
				PRODUCT_BUNDLE_IDENTIFIER = "com.hbsis.padawan.Meu-primeiro-appTests";
				PRODUCT_NAME = "$(TARGET_NAME)";
				SWIFT_VERSION = 4.2;
				TARGETED_DEVICE_FAMILY = "1,2";
				TEST_HOST = "$(BUILT_PRODUCTS_DIR)/Meu primeiro app.app/Meu primeiro app";
			};
			name = Debug;
		};
		AB7EFEAE23E06EE500F06C3A /* Release */ = {
			isa = XCBuildConfiguration;
			buildSettings = {
				ALWAYS_EMBED_SWIFT_STANDARD_LIBRARIES = YES;
				BUNDLE_LOADER = "$(TEST_HOST)";
				CODE_SIGN_STYLE = Automatic;
				INFOPLIST_FILE = "Meu primeiro appTests/Info.plist";
				LD_RUNPATH_SEARCH_PATHS = (
					"$(inherited)",
					"@executable_path/Frameworks",
					"@loader_path/Frameworks",
				);
				PRODUCT_BUNDLE_IDENTIFIER = "com.hbsis.padawan.Meu-primeiro-appTests";
				PRODUCT_NAME = "$(TARGET_NAME)";
				SWIFT_VERSION = 4.2;
				TARGETED_DEVICE_FAMILY = "1,2";
				TEST_HOST = "$(BUILT_PRODUCTS_DIR)/Meu primeiro app.app/Meu primeiro app";
			};
			name = Release;
		};
/* End XCBuildConfiguration section */

/* Begin XCConfigurationList section */
		AB7EFE8723E06EE300F06C3A /* Build configuration list for PBXProject "Meu primeiro app" */ = {
			isa = XCConfigurationList;
			buildConfigurations = (
				AB7EFEA723E06EE500F06C3A /* Debug */,
				AB7EFEA823E06EE500F06C3A /* Release */,
			);
			defaultConfigurationIsVisible = 0;
			defaultConfigurationName = Release;
		};
		AB7EFEA923E06EE500F06C3A /* Build configuration list for PBXNativeTarget "Meu primeiro app" */ = {
			isa = XCConfigurationList;
			buildConfigurations = (
				AB7EFEAA23E06EE500F06C3A /* Debug */,
				AB7EFEAB23E06EE500F06C3A /* Release */,
			);
			defaultConfigurationIsVisible = 0;
			defaultConfigurationName = Release;
		};
		AB7EFEAC23E06EE500F06C3A /* Build configuration list for PBXNativeTarget "Meu primeiro appTests" */ = {
			isa = XCConfigurationList;
			buildConfigurations = (
				AB7EFEAD23E06EE500F06C3A /* Debug */,
				AB7EFEAE23E06EE500F06C3A /* Release */,
			);
			defaultConfigurationIsVisible = 0;
			defaultConfigurationName = Release;
		};
/* End XCConfigurationList section */
	};
	rootObject = AB7EFE8423E06EE200F06C3A /* Project object */;
}
